{
  "name": "tree-sitter-racket",
  "version": "0.0.1",
  "lockfileVersion": 1,
  "requires": true,
  "dependencies": {
    "nan": {
      "version": "2.12.1",
      "resolved": "https://registry.npmjs.org/nan/-/nan-2.12.1.tgz",
      "integrity": "sha512-JY7V6lRkStKcKTvHO5NVSQRv+RV+FIL5pvDoLiAtSL9pKlC5x9PKQcZDsq7m4FO4d57mkhC6Z+QhAh3Jdk5JFw=="
    },
    "tree-sitter-cli": {
      "version": "0.14.0-beta3",
      "resolved": "https://registry.npmjs.org/tree-sitter-cli/-/tree-sitter-cli-0.14.0-beta3.tgz",
      "integrity": "sha512-TM4iWKgAGhzXk7MB4PEO2/nCDptobKCLjEjV4qlLQrraZdXBQytoPFx2HVCzkmHhC1ublAIm4bvD2upHtFYouA==",
      "dev": true
    }
  }
}
