{
  "name": "tree-sitter-racket",
  "version": "0.0.1",
  "lockfileVersion": 1,
  "requires": true,
  "dependencies": {
    "nan": {
      "version": "2.12.1",
      "resolved": "https://registry.npmjs.org/nan/-/nan-2.12.1.tgz",
      "integrity": "sha512-JY7V6lRkStKcKTvHO5NVSQRv+RV+FIL5pvDoLiAtSL9pKlC5x9PKQcZDsq7m4FO4d57mkhC6Z+QhAh3Jdk5JFw=="
    },
    "tree-sitter-cli": {
      "version": "0.15.12",
      "resolved": "https://registry.npmjs.org/tree-sitter-cli/-/tree-sitter-cli-0.15.12.tgz",
      "integrity": "sha512-whqR0cagQkuLzSjz3NprHUSjORWZ3+xDa7S+fF+kFxz6/ZqRGIYpErDCWvfETDBiGtbuiQyUoJolQSzLC72lqQ==",
      "dev": true
    }
  }
}
